
Microsoft Visual Studio Solution File, Format Version 12.00
# Visual Studio Version 17
VisualStudioVersion = 17.11.35327.3
MinimumVisualStudioVersion = 10.0.40219.1
Project("{FAE04EC0-301F-11D3-BF4B-00C04F79EFBC}") = "ProjectManagerApp", "ProjectManagerApp\ProjectManagerApp.csproj", "{F9581E7F-6133-44F6-B87D-0A7E9AD43BA1}"
EndProject
Global
	GlobalSection(SolutionConfigurationPlatforms) = preSolution
		Debug|Any CPU = Debug|Any CPU
		Release|Any CPU = Release|Any CPU
	EndGlobalSection
	GlobalSection(ProjectConfigurationPlatforms) = postSolution
		{F9581E7F-6133-44F6-B87D-0A7E9AD43BA1}.Debug|Any CPU.ActiveCfg = Debug|Any CPU
		{F9581E7F-6133-44F6-B87D-0A7E9AD43BA1}.Debug|Any CPU.Build.0 = Debug|Any CPU
		{F9581E7F-6133-44F6-B87D-0A7E9AD43BA1}.Release|Any CPU.ActiveCfg = Release|Any CPU
		{F9581E7F-6133-44F6-B87D-0A7E9AD43BA1}.Release|Any CPU.Build.0 = Release|Any CPU
	EndGlobalSection
	GlobalSection(SolutionProperties) = preSolution
		HideSolutionNode = FALSE
	EndGlobalSection
	GlobalSection(ExtensibilityGlobals) = postSolution
		SolutionGuid = {D42017FC-0661-4771-93AC-94B2DD217665}
	EndGlobalSection
EndGlobal
